{
  "requires": true,
  "lockfileVersion": 1,
  "dependencies": {
    "@creativecommons/vocabulary": {
      "version": "1.0.0-beta.4",
      "resolved": "https://registry.npmjs.org/@creativecommons/vocabulary/-/vocabulary-1.0.0-beta.4.tgz",
      "integrity": "sha512-EHWqJ0f6GWWGgGk6W3NCEkY64mvOE+/NiWLxR2cDSQWk5aujd7Tng32LsdgiFtqNWw0aqTK36djLFkoSNwFSrg=="
    }
  }
}
